
Microsoft Visual Studio Solution File, Format Version 12.00
# Visual Studio Version 17
VisualStudioVersion = 17.10.35004.147
MinimumVisualStudioVersion = 10.0.40219.1
Project("{FAE04EC0-301F-11D3-BF4B-00C04F79EFBC}") = "РГР", "РГР\РГР.csproj", "{B6FC8363-BBFD-41FF-8C71-3EF6F66A7626}"
EndProject
Global
	GlobalSection(SolutionConfigurationPlatforms) = preSolution
		Debug|Any CPU = Debug|Any CPU
		Release|Any CPU = Release|Any CPU
	EndGlobalSection
	GlobalSection(ProjectConfigurationPlatforms) = postSolution
		{B6FC8363-BBFD-41FF-8C71-3EF6F66A7626}.Debug|Any CPU.ActiveCfg = Debug|Any CPU
		{B6FC8363-BBFD-41FF-8C71-3EF6F66A7626}.Debug|Any CPU.Build.0 = Debug|Any CPU
		{B6FC8363-BBFD-41FF-8C71-3EF6F66A7626}.Release|Any CPU.ActiveCfg = Release|Any CPU
		{B6FC8363-BBFD-41FF-8C71-3EF6F66A7626}.Release|Any CPU.Build.0 = Release|Any CPU
	EndGlobalSection
	GlobalSection(SolutionProperties) = preSolution
		HideSolutionNode = FALSE
	EndGlobalSection
	GlobalSection(ExtensibilityGlobals) = postSolution
		SolutionGuid = {C0BC8792-F030-4100-94AE-2B74BB9D90B5}
	EndGlobalSection
EndGlobal
